
Microsoft Visual Studio Solution File, Format Version 12.00
# Visual Studio Version 17
VisualStudioVersion = 17.8.34330.188
MinimumVisualStudioVersion = 10.0.40219.1
Project("{9A19103F-16F7-4668-BE54-9A1E7A4F7556}") = "CPU-Sim", "CPU-Sim\CPU-Sim.csproj", "{A68FB17E-6074-4E6E-B09B-960C4DA6E75C}"
EndProject
Project("{FAE04EC0-301F-11D3-BF4B-00C04F79EFBC}") = "InBuiltObjects", "InBuiltObjects\InBuiltObjects.csproj", "{9DB59085-F416-4D86-8C96-34059734AE7A}"
EndProject
Global
	GlobalSection(SolutionConfigurationPlatforms) = preSolution
		Debug|Any CPU = Debug|Any CPU
		Debug|ARM = Debug|ARM
		Debug|ARM64 = Debug|ARM64
		Debug|x64 = Debug|x64
		Debug|x86 = Debug|x86
		Release|Any CPU = Release|Any CPU
		Release|ARM = Release|ARM
		Release|ARM64 = Release|ARM64
		Release|x64 = Release|x64
		Release|x86 = Release|x86
	EndGlobalSection
	GlobalSection(ProjectConfigurationPlatforms) = postSolution
		{A68FB17E-6074-4E6E-B09B-960C4DA6E75C}.Debug|Any CPU.ActiveCfg = Debug|Any CPU
		{A68FB17E-6074-4E6E-B09B-960C4DA6E75C}.Debug|Any CPU.Build.0 = Debug|Any CPU
		{A68FB17E-6074-4E6E-B09B-960C4DA6E75C}.Debug|ARM.ActiveCfg = Debug|Any CPU
		{A68FB17E-6074-4E6E-B09B-960C4DA6E75C}.Debug|ARM.Build.0 = Debug|Any CPU
		{A68FB17E-6074-4E6E-B09B-960C4DA6E75C}.Debug|ARM64.ActiveCfg = Debug|Any CPU
		{A68FB17E-6074-4E6E-B09B-960C4DA6E75C}.Debug|ARM64.Build.0 = Debug|Any CPU
		{A68FB17E-6074-4E6E-B09B-960C4DA6E75C}.Debug|x64.ActiveCfg = Debug|Any CPU
		{A68FB17E-6074-4E6E-B09B-960C4DA6E75C}.Debug|x64.Build.0 = Debug|Any CPU
		{A68FB17E-6074-4E6E-B09B-960C4DA6E75C}.Debug|x86.ActiveCfg = Debug|Any CPU
		{A68FB17E-6074-4E6E-B09B-960C4DA6E75C}.Debug|x86.Build.0 = Debug|Any CPU
		{A68FB17E-6074-4E6E-B09B-960C4DA6E75C}.Release|Any CPU.ActiveCfg = Release|Any CPU
		{A68FB17E-6074-4E6E-B09B-960C4DA6E75C}.Release|Any CPU.Build.0 = Release|Any CPU
		{A68FB17E-6074-4E6E-B09B-960C4DA6E75C}.Release|ARM.ActiveCfg = Release|Any CPU
		{A68FB17E-6074-4E6E-B09B-960C4DA6E75C}.Release|ARM.Build.0 = Release|Any CPU
		{A68FB17E-6074-4E6E-B09B-960C4DA6E75C}.Release|ARM64.ActiveCfg = Release|Any CPU
		{A68FB17E-6074-4E6E-B09B-960C4DA6E75C}.Release|ARM64.Build.0 = Release|Any CPU
		{A68FB17E-6074-4E6E-B09B-960C4DA6E75C}.Release|x64.ActiveCfg = Release|Any CPU
		{A68FB17E-6074-4E6E-B09B-960C4DA6E75C}.Release|x64.Build.0 = Release|Any CPU
		{A68FB17E-6074-4E6E-B09B-960C4DA6E75C}.Release|x86.ActiveCfg = Release|Any CPU
		{A68FB17E-6074-4E6E-B09B-960C4DA6E75C}.Release|x86.Build.0 = Release|Any CPU
		{9DB59085-F416-4D86-8C96-34059734AE7A}.Debug|Any CPU.ActiveCfg = Debug|Any CPU
		{9DB59085-F416-4D86-8C96-34059734AE7A}.Debug|Any CPU.Build.0 = Debug|Any CPU
		{9DB59085-F416-4D86-8C96-34059734AE7A}.Debug|ARM.ActiveCfg = Debug|Any CPU
		{9DB59085-F416-4D86-8C96-34059734AE7A}.Debug|ARM.Build.0 = Debug|Any CPU
		{9DB59085-F416-4D86-8C96-34059734AE7A}.Debug|ARM64.ActiveCfg = Debug|Any CPU
		{9DB59085-F416-4D86-8C96-34059734AE7A}.Debug|ARM64.Build.0 = Debug|Any CPU
		{9DB59085-F416-4D86-8C96-34059734AE7A}.Debug|x64.ActiveCfg = Debug|Any CPU
		{9DB59085-F416-4D86-8C96-34059734AE7A}.Debug|x64.Build.0 = Debug|Any CPU
		{9DB59085-F416-4D86-8C96-34059734AE7A}.Debug|x86.ActiveCfg = Debug|Any CPU
		{9DB59085-F416-4D86-8C96-34059734AE7A}.Debug|x86.Build.0 = Debug|Any CPU
		{9DB59085-F416-4D86-8C96-34059734AE7A}.Release|Any CPU.ActiveCfg = Release|Any CPU
		{9DB59085-F416-4D86-8C96-34059734AE7A}.Release|Any CPU.Build.0 = Release|Any CPU
		{9DB59085-F416-4D86-8C96-34059734AE7A}.Release|ARM.ActiveCfg = Release|Any CPU
		{9DB59085-F416-4D86-8C96-34059734AE7A}.Release|ARM.Build.0 = Release|Any CPU
		{9DB59085-F416-4D86-8C96-34059734AE7A}.Release|ARM64.ActiveCfg = Release|Any CPU
		{9DB59085-F416-4D86-8C96-34059734AE7A}.Release|ARM64.Build.0 = Release|Any CPU
		{9DB59085-F416-4D86-8C96-34059734AE7A}.Release|x64.ActiveCfg = Release|Any CPU
		{9DB59085-F416-4D86-8C96-34059734AE7A}.Release|x64.Build.0 = Release|Any CPU
		{9DB59085-F416-4D86-8C96-34059734AE7A}.Release|x86.ActiveCfg = Release|Any CPU
		{9DB59085-F416-4D86-8C96-34059734AE7A}.Release|x86.Build.0 = Release|Any CPU
	EndGlobalSection
	GlobalSection(SolutionProperties) = preSolution
		HideSolutionNode = FALSE
	EndGlobalSection
	GlobalSection(ExtensibilityGlobals) = postSolution
		SolutionGuid = {BA8BDFF4-DD42-42FB-861E-FD54C944D453}
	EndGlobalSection
EndGlobal
